// !$*UTF8*$!
{
	archiveVersion = 1;
	classes = {
	};
	objectVersion = 50;
	objects = {

/* Begin PBXBuildFile section */
		3A09C3EA2609979800B509CB /* VideoViewCell.m in Sources */ = {isa = PBXBuildFile; fileRef = 3A09C3E92609979800B509CB /* VideoViewCell.m */; };
		3A09C3F02609C86600B509CB /* videoConver@2x.png in Resources */ = {isa = PBXBuildFile; fileRef = 3A09C3EE2609C86600B509CB /* videoConver@2x.png */; };
		3A09C3F12609C86600B509CB /* videoPlayer@2x.png in Resources */ = {isa = PBXBuildFile; fileRef = 3A09C3EF2609C86600B509CB /* videoPlayer@2x.png */; };
		3A33973725B16D8D0038245C /* ListLoader.m in Sources */ = {isa = PBXBuildFile; fileRef = 3A33973625B16D8D0038245C /* ListLoader.m */; };
		3A3563B72575CF4700B38AD1 /* FCview.m in Sources */ = {isa = PBXBuildFile; fileRef = 3A3563B62575CF4700B38AD1 /* FCview.m */; };
		3AA43251256DFE2700F83CD3 /* NewsDetailViewController.m in Sources */ = {isa = PBXBuildFile; fileRef = 3AA43250256DFE2700F83CD3 /* NewsDetailViewController.m */; };
		3AA43255256E2F2A00F83CD3 /* RecommandViewController.m in Sources */ = {isa = PBXBuildFile; fileRef = 3AA43254256E2F2A00F83CD3 /* RecommandViewController.m */; };
		3AA43259256E47BE00F83CD3 /* NewsTableViewCell.m in Sources */ = {isa = PBXBuildFile; fileRef = 3AA43258256E47BE00F83CD3 /* NewsTableViewCell.m */; };
		3AB8BA7B264A570D00602E38 /* UIAdapter.m in Sources */ = {isa = PBXBuildFile; fileRef = 3AB8BA7A264A570D00602E38 /* UIAdapter.m */; };
		3ACA24C425BA756300EB7BE1 /* NewsModel.m in Sources */ = {isa = PBXBuildFile; fileRef = 3ACA24C325BA756300EB7BE1 /* NewsModel.m */; };
		3ACEAC9F2635427B009F6E70 /* SDPlayer.m in Sources */ = {isa = PBXBuildFile; fileRef = 3ACEAC9E2635427B009F6E70 /* SDPlayer.m */; };
		3ACEACA326395919009F6E70 /* VDTabBarView.m in Sources */ = {isa = PBXBuildFile; fileRef = 3ACEACA226395919009F6E70 /* VDTabBarView.m */; };
		3ACEACAE2639619A009F6E70 /* share@2x.png in Resources */ = {isa = PBXBuildFile; fileRef = 3ACEACA526396199009F6E70 /* share@2x.png */; };
		3ACEACAF2639619A009F6E70 /* testScale@2x.png in Resources */ = {isa = PBXBuildFile; fileRef = 3ACEACA626396199009F6E70 /* testScale@2x.png */; };
		3ACEACB02639619A009F6E70 /* testScale@3x.png in Resources */ = {isa = PBXBuildFile; fileRef = 3ACEACA72639619A009F6E70 /* testScale@3x.png */; };
		3ACEACB12639619A009F6E70 /* praise@3x.png in Resources */ = {isa = PBXBuildFile; fileRef = 3ACEACA82639619A009F6E70 /* praise@3x.png */; };
		3ACEACB22639619A009F6E70 /* share@3x.png in Resources */ = {isa = PBXBuildFile; fileRef = 3ACEACA92639619A009F6E70 /* share@3x.png */; };
		3ACEACB32639619A009F6E70 /* comment@3x.png in Resources */ = {isa = PBXBuildFile; fileRef = 3ACEACAA2639619A009F6E70 /* comment@3x.png */; };
		3ACEACB42639619A009F6E70 /* search@3x-2.png in Resources */ = {isa = PBXBuildFile; fileRef = 3ACEACAB2639619A009F6E70 /* search@3x-2.png */; };
		3ACEACB52639619A009F6E70 /* icon.png in Resources */ = {isa = PBXBuildFile; fileRef = 3ACEACAC2639619A009F6E70 /* icon.png */; };
		3ACEACB62639619A009F6E70 /* search@3x.png in Resources */ = {isa = PBXBuildFile; fileRef = 3ACEACAD2639619A009F6E70 /* search@3x.png */; };
		759C5A6A23A89E680048C8DD /* NewsViewController.m in Sources */ = {isa = PBXBuildFile; fileRef = 759C5A6923A89E680048C8DD /* NewsViewController.m */; };
		759C5A6D23A8A2A70048C8DD /* VideoViewController.m in Sources */ = {isa = PBXBuildFile; fileRef = 759C5A6C23A8A2A70048C8DD /* VideoViewController.m */; };
		75ADB91F239F724D0095AE96 /* AppDelegate.m in Sources */ = {isa = PBXBuildFile; fileRef = 75ADB91E239F724D0095AE96 /* AppDelegate.m */; };
		75ADB922239F724D0095AE96 /* SceneDelegate.m in Sources */ = {isa = PBXBuildFile; fileRef = 75ADB921239F724D0095AE96 /* SceneDelegate.m */; };
		75ADB925239F724D0095AE96 /* MineHomeViewController.m in Sources */ = {isa = PBXBuildFile; fileRef = 75ADB924239F724D0095AE96 /* MineHomeViewController.m */; };
		75ADB92A239F72680095AE96 /* Assets.xcassets in Resources */ = {isa = PBXBuildFile; fileRef = 75ADB929239F72680095AE96 /* Assets.xcassets */; };
		75ADB92D239F72680095AE96 /* LaunchScreen.storyboard in Resources */ = {isa = PBXBuildFile; fileRef = 75ADB92B239F72680095AE96 /* LaunchScreen.storyboard */; };
		75ADB930239F72680095AE96 /* main.m in Sources */ = {isa = PBXBuildFile; fileRef = 75ADB92F239F72680095AE96 /* main.m */; };
		75ADB937239F8B430095AE96 /* icon.bundle in Resources */ = {isa = PBXBuildFile; fileRef = 75ADB936239F8B3F0095AE96 /* icon.bundle */; };
		F425C4764B6797E4B65F66D4 /* libPods-SimpleDemo.a in Frameworks */ = {isa = PBXBuildFile; fileRef = FB5AB084974AA242659A1EE1 /* libPods-SimpleDemo.a */; };
/* End PBXBuildFile section */

/* Begin PBXFileReference section */
		2BB6308FDBEB342F8C59AD1D /* Pods-SimpleDemo.release.xcconfig */ = {isa = PBXFileReference; includeInIndex = 1; lastKnownFileType = text.xcconfig; name = "Pods-SimpleDemo.release.xcconfig"; path = "Pods/Target Support Files/Pods-SimpleDemo/Pods-SimpleDemo.release.xcconfig"; sourceTree = "<group>"; };
		3A09C3E82609979800B509CB /* VideoViewCell.h */ = {isa = PBXFileReference; lastKnownFileType = sourcecode.c.h; path = VideoViewCell.h; sourceTree = "<group>"; };
		3A09C3E92609979800B509CB /* VideoViewCell.m */ = {isa = PBXFileReference; lastKnownFileType = sourcecode.c.objc; path = VideoViewCell.m; sourceTree = "<group>"; };
		3A09C3EE2609C86600B509CB /* videoConver@2x.png */ = {isa = PBXFileReference; lastKnownFileType = image.png; path = "videoConver@2x.png"; sourceTree = "<group>"; };
		3A09C3EF2609C86600B509CB /* videoPlayer@2x.png */ = {isa = PBXFileReference; lastKnownFileType = image.png; path = "videoPlayer@2x.png"; sourceTree = "<group>"; };
		3A33973525B16D8D0038245C /* ListLoader.h */ = {isa = PBXFileReference; lastKnownFileType = sourcecode.c.h; path = ListLoader.h; sourceTree = "<group>"; };
		3A33973625B16D8D0038245C /* ListLoader.m */ = {isa = PBXFileReference; lastKnownFileType = sourcecode.c.objc; path = ListLoader.m; sourceTree = "<group>"; };
		3A3563B52575CF4700B38AD1 /* FCview.h */ = {isa = PBXFileReference; lastKnownFileType = sourcecode.c.h; path = FCview.h; sourceTree = "<group>"; };
		3A3563B62575CF4700B38AD1 /* FCview.m */ = {isa = PBXFileReference; lastKnownFileType = sourcecode.c.objc; path = FCview.m; sourceTree = "<group>"; };
		3AA4324F256DFE2700F83CD3 /* NewsDetailViewController.h */ = {isa = PBXFileReference; lastKnownFileType = sourcecode.c.h; path = NewsDetailViewController.h; sourceTree = "<group>"; };
		3AA43250256DFE2700F83CD3 /* NewsDetailViewController.m */ = {isa = PBXFileReference; lastKnownFileType = sourcecode.c.objc; path = NewsDetailViewController.m; sourceTree = "<group>"; };
		3AA43253256E2F2A00F83CD3 /* RecommandViewController.h */ = {isa = PBXFileReference; lastKnownFileType = sourcecode.c.h; path = RecommandViewController.h; sourceTree = "<group>"; };
		3AA43254256E2F2A00F83CD3 /* RecommandViewController.m */ = {isa = PBXFileReference; lastKnownFileType = sourcecode.c.objc; path = RecommandViewController.m; sourceTree = "<group>"; };
		3AA43257256E47BE00F83CD3 /* NewsTableViewCell.h */ = {isa = PBXFileReference; lastKnownFileType = sourcecode.c.h; path = NewsTableViewCell.h; sourceTree = "<group>"; };
		3AA43258256E47BE00F83CD3 /* NewsTableViewCell.m */ = {isa = PBXFileReference; lastKnownFileType = sourcecode.c.objc; path = NewsTableViewCell.m; sourceTree = "<group>"; };
		3AB8BA79264A570D00602E38 /* UIAdapter.h */ = {isa = PBXFileReference; lastKnownFileType = sourcecode.c.h; path = UIAdapter.h; sourceTree = "<group>"; };
		3AB8BA7A264A570D00602E38 /* UIAdapter.m */ = {isa = PBXFileReference; lastKnownFileType = sourcecode.c.objc; path = UIAdapter.m; sourceTree = "<group>"; };
		3ACA24C225BA756300EB7BE1 /* NewsModel.h */ = {isa = PBXFileReference; lastKnownFileType = sourcecode.c.h; path = NewsModel.h; sourceTree = "<group>"; };
		3ACA24C325BA756300EB7BE1 /* NewsModel.m */ = {isa = PBXFileReference; lastKnownFileType = sourcecode.c.objc; path = NewsModel.m; sourceTree = "<group>"; };
		3ACEAC9D2635427B009F6E70 /* SDPlayer.h */ = {isa = PBXFileReference; lastKnownFileType = sourcecode.c.h; path = SDPlayer.h; sourceTree = "<group>"; };
		3ACEAC9E2635427B009F6E70 /* SDPlayer.m */ = {isa = PBXFileReference; lastKnownFileType = sourcecode.c.objc; path = SDPlayer.m; sourceTree = "<group>"; };
		3ACEACA126395919009F6E70 /* VDTabBarView.h */ = {isa = PBXFileReference; lastKnownFileType = sourcecode.c.h; path = VDTabBarView.h; sourceTree = "<group>"; };
		3ACEACA226395919009F6E70 /* VDTabBarView.m */ = {isa = PBXFileReference; lastKnownFileType = sourcecode.c.objc; path = VDTabBarView.m; sourceTree = "<group>"; };
		3ACEACA526396199009F6E70 /* share@2x.png */ = {isa = PBXFileReference; lastKnownFileType = image.png; path = "share@2x.png"; sourceTree = "<group>"; };
		3ACEACA626396199009F6E70 /* testScale@2x.png */ = {isa = PBXFileReference; lastKnownFileType = image.png; path = "testScale@2x.png"; sourceTree = "<group>"; };
		3ACEACA72639619A009F6E70 /* testScale@3x.png */ = {isa = PBXFileReference; lastKnownFileType = image.png; path = "testScale@3x.png"; sourceTree = "<group>"; };
		3ACEACA82639619A009F6E70 /* praise@3x.png */ = {isa = PBXFileReference; lastKnownFileType = image.png; path = "praise@3x.png"; sourceTree = "<group>"; };
		3ACEACA92639619A009F6E70 /* share@3x.png */ = {isa = PBXFileReference; lastKnownFileType = image.png; path = "share@3x.png"; sourceTree = "<group>"; };
		3ACEACAA2639619A009F6E70 /* comment@3x.png */ = {isa = PBXFileReference; lastKnownFileType = image.png; path = "comment@3x.png"; sourceTree = "<group>"; };
		3ACEACAB2639619A009F6E70 /* search@3x-2.png */ = {isa = PBXFileReference; lastKnownFileType = image.png; path = "search@3x-2.png"; sourceTree = "<group>"; };
		3ACEACAC2639619A009F6E70 /* icon.png */ = {isa = PBXFileReference; lastKnownFileType = image.png; path = icon.png; sourceTree = "<group>"; };
		3ACEACAD2639619A009F6E70 /* search@3x.png */ = {isa = PBXFileReference; lastKnownFileType = image.png; path = "search@3x.png"; sourceTree = "<group>"; };
		759C5A6823A89E680048C8DD /* NewsViewController.h */ = {isa = PBXFileReference; lastKnownFileType = sourcecode.c.h; path = NewsViewController.h; sourceTree = "<group>"; };
		759C5A6923A89E680048C8DD /* NewsViewController.m */ = {isa = PBXFileReference; lastKnownFileType = sourcecode.c.objc; path = NewsViewController.m; sourceTree = "<group>"; };
		759C5A6B23A8A2A70048C8DD /* VideoViewController.h */ = {isa = PBXFileReference; lastKnownFileType = sourcecode.c.h; path = VideoViewController.h; sourceTree = "<group>"; };
		759C5A6C23A8A2A70048C8DD /* VideoViewController.m */ = {isa = PBXFileReference; lastKnownFileType = sourcecode.c.objc; path = VideoViewController.m; sourceTree = "<group>"; };
		75ADB91A239F724C0095AE96 /* SimpleDemo.app */ = {isa = PBXFileReference; explicitFileType = wrapper.application; includeInIndex = 0; path = SimpleDemo.app; sourceTree = BUILT_PRODUCTS_DIR; };
		75ADB91D239F724C0095AE96 /* AppDelegate.h */ = {isa = PBXFileReference; lastKnownFileType = sourcecode.c.h; path = AppDelegate.h; sourceTree = "<group>"; };
		75ADB91E239F724D0095AE96 /* AppDelegate.m */ = {isa = PBXFileReference; lastKnownFileType = sourcecode.c.objc; path = AppDelegate.m; sourceTree = "<group>"; };
		75ADB920239F724D0095AE96 /* SceneDelegate.h */ = {isa = PBXFileReference; lastKnownFileType = sourcecode.c.h; path = SceneDelegate.h; sourceTree = "<group>"; };
		75ADB921239F724D0095AE96 /* SceneDelegate.m */ = {isa = PBXFileReference; lastKnownFileType = sourcecode.c.objc; path = SceneDelegate.m; sourceTree = "<group>"; };
		75ADB923239F724D0095AE96 /* MineHomeViewController.h */ = {isa = PBXFileReference; lastKnownFileType = sourcecode.c.h; path = MineHomeViewController.h; sourceTree = "<group>"; };
		75ADB924239F724D0095AE96 /* MineHomeViewController.m */ = {isa = PBXFileReference; lastKnownFileType = sourcecode.c.objc; path = MineHomeViewController.m; sourceTree = "<group>"; };
		75ADB929239F72680095AE96 /* Assets.xcassets */ = {isa = PBXFileReference; lastKnownFileType = folder.assetcatalog; path = Assets.xcassets; sourceTree = "<group>"; };
		75ADB92C239F72680095AE96 /* Base */ = {isa = PBXFileReference; lastKnownFileType = file.storyboard; name = Base; path = Base.lproj/LaunchScreen.storyboard; sourceTree = "<group>"; };
		75ADB92E239F72680095AE96 /* Info.plist */ = {isa = PBXFileReference; lastKnownFileType = text.plist.xml; path = Info.plist; sourceTree = "<group>"; };
		75ADB92F239F72680095AE96 /* main.m */ = {isa = PBXFileReference; lastKnownFileType = sourcecode.c.objc; path = main.m; sourceTree = "<group>"; };
		75ADB936239F8B3F0095AE96 /* icon.bundle */ = {isa = PBXFileReference; lastKnownFileType = "wrapper.plug-in"; path = icon.bundle; sourceTree = "<group>"; };
		81BB733AEE03E09CC0E5485D /* Pods-SimpleDemo.debug.xcconfig */ = {isa = PBXFileReference; includeInIndex = 1; lastKnownFileType = text.xcconfig; name = "Pods-SimpleDemo.debug.xcconfig"; path = "Pods/Target Support Files/Pods-SimpleDemo/Pods-SimpleDemo.debug.xcconfig"; sourceTree = "<group>"; };
		FB5AB084974AA242659A1EE1 /* libPods-SimpleDemo.a */ = {isa = PBXFileReference; explicitFileType = archive.ar; includeInIndex = 0; path = "libPods-SimpleDemo.a"; sourceTree = BUILT_PRODUCTS_DIR; };
/* End PBXFileReference section */

/* Begin PBXFrameworksBuildPhase section */
		75ADB917239F724C0095AE96 /* Frameworks */ = {
			isa = PBXFrameworksBuildPhase;
			buildActionMask = 2147483647;
			files = (
				F425C4764B6797E4B65F66D4 /* libPods-SimpleDemo.a in Frameworks */,
			);
			runOnlyForDeploymentPostprocessing = 0;
		};
/* End PBXFrameworksBuildPhase section */

/* Begin PBXGroup section */
		3A09C3E72609977700B509CB /* view */ = {
			isa = PBXGroup;
			children = (
				3A09C3E82609979800B509CB /* VideoViewCell.h */,
				3A09C3E92609979800B509CB /* VideoViewCell.m */,
				3ACEACA126395919009F6E70 /* VDTabBarView.h */,
				3ACEACA226395919009F6E70 /* VDTabBarView.m */,
			);
			path = view;
			sourceTree = "<group>";
		};
		3A09C3ED2609C85B00B509CB /* images */ = {
			isa = PBXGroup;
			children = (
				3ACEACAA2639619A009F6E70 /* comment@3x.png */,
				3ACEACAC2639619A009F6E70 /* icon.png */,
				3ACEACA82639619A009F6E70 /* praise@3x.png */,
				3ACEACAB2639619A009F6E70 /* search@3x-2.png */,
				3ACEACAD2639619A009F6E70 /* search@3x.png */,
				3ACEACA526396199009F6E70 /* share@2x.png */,
				3ACEACA92639619A009F6E70 /* share@3x.png */,
				3ACEACA626396199009F6E70 /* testScale@2x.png */,
				3ACEACA72639619A009F6E70 /* testScale@3x.png */,
				3A09C3EE2609C86600B509CB /* videoConver@2x.png */,
				3A09C3EF2609C86600B509CB /* videoPlayer@2x.png */,
			);
			path = images;
			sourceTree = "<group>";
		};
		3A33972E25B0264C0038245C /* News */ = {
			isa = PBXGroup;
			children = (
				3A9AE05A25EF72D200B711A4 /* view */,
				3A9AE05925EF72BD00B711A4 /* controller */,
				3A33973425B16D660038245C /* model */,
			);
			path = News;
			sourceTree = "<group>";
		};
		3A33972F25B0266C0038245C /* Video */ = {
			isa = PBXGroup;
			children = (
				3ACEAC9C2635425C009F6E70 /* Player */,
				3A09C3ED2609C85B00B509CB /* images */,
				3A09C3E72609977700B509CB /* view */,
				759C5A6B23A8A2A70048C8DD /* VideoViewController.h */,
				759C5A6C23A8A2A70048C8DD /* VideoViewController.m */,
			);
			path = Video;
			sourceTree = "<group>";
		};
		3A33973025B026800038245C /* Recommand */ = {
			isa = PBXGroup;
			children = (
				3AA43253256E2F2A00F83CD3 /* RecommandViewController.h */,
				3AA43254256E2F2A00F83CD3 /* RecommandViewController.m */,
			);
			path = Recommand;
			sourceTree = "<group>";
		};
		3A33973225B026F80038245C /* MineHome */ = {
			isa = PBXGroup;
			children = (
				75ADB923239F724D0095AE96 /* MineHomeViewController.h */,
				75ADB924239F724D0095AE96 /* MineHomeViewController.m */,
			);
			path = MineHome;
			sourceTree = "<group>";
		};
		3A33973425B16D660038245C /* model */ = {
			isa = PBXGroup;
			children = (
				3ACA24C225BA756300EB7BE1 /* NewsModel.h */,
				3ACA24C325BA756300EB7BE1 /* NewsModel.m */,
				3A33973525B16D8D0038245C /* ListLoader.h */,
				3A33973625B16D8D0038245C /* ListLoader.m */,
			);
			path = model;
			sourceTree = "<group>";
		};
		3A9AE05925EF72BD00B711A4 /* controller */ = {
			isa = PBXGroup;
			children = (
				759C5A6823A89E680048C8DD /* NewsViewController.h */,
				759C5A6923A89E680048C8DD /* NewsViewController.m */,
				3AA4324F256DFE2700F83CD3 /* NewsDetailViewController.h */,
				3AA43250256DFE2700F83CD3 /* NewsDetailViewController.m */,
			);
			path = controller;
			sourceTree = "<group>";
		};
		3A9AE05A25EF72D200B711A4 /* view */ = {
			isa = PBXGroup;
			children = (
				3AA43257256E47BE00F83CD3 /* NewsTableViewCell.h */,
				3AA43258256E47BE00F83CD3 /* NewsTableViewCell.m */,
				3A3563B52575CF4700B38AD1 /* FCview.h */,
				3A3563B62575CF4700B38AD1 /* FCview.m */,
				3AB8BA79264A570D00602E38 /* UIAdapter.h */,
				3AB8BA7A264A570D00602E38 /* UIAdapter.m */,
			);
			path = view;
			sourceTree = "<group>";
		};
		3ACEAC9C2635425C009F6E70 /* Player */ = {
			isa = PBXGroup;
			children = (
				3ACEAC9D2635427B009F6E70 /* SDPlayer.h */,
				3ACEAC9E2635427B009F6E70 /* SDPlayer.m */,
			);
			path = Player;
			sourceTree = "<group>";
		};
		6B5BA427B2B93A1A43E6BA6A /* Frameworks */ = {
			isa = PBXGroup;
			children = (
				FB5AB084974AA242659A1EE1 /* libPods-SimpleDemo.a */,
			);
			name = Frameworks;
			sourceTree = "<group>";
		};
		75ADB911239F724C0095AE96 = {
			isa = PBXGroup;
			children = (
				75ADB91C239F724C0095AE96 /* SimpleDemo */,
				75ADB91B239F724C0095AE96 /* Products */,
				B03612FC339DC65822D970FB /* Pods */,
				6B5BA427B2B93A1A43E6BA6A /* Frameworks */,
			);
			sourceTree = "<group>";
		};
		75ADB91B239F724C0095AE96 /* Products */ = {
			isa = PBXGroup;
			children = (
				75ADB91A239F724C0095AE96 /* SimpleDemo.app */,
			);
			name = Products;
			sourceTree = "<group>";
		};
		75ADB91C239F724C0095AE96 /* SimpleDemo */ = {
			isa = PBXGroup;
			children = (
				3A33973225B026F80038245C /* MineHome */,
				3A33973025B026800038245C /* Recommand */,
				3A33972F25B0266C0038245C /* Video */,
				3A33972E25B0264C0038245C /* News */,
				75ADB936239F8B3F0095AE96 /* icon.bundle */,
				75ADB91D239F724C0095AE96 /* AppDelegate.h */,
				75ADB91E239F724D0095AE96 /* AppDelegate.m */,
				75ADB920239F724D0095AE96 /* SceneDelegate.h */,
				75ADB921239F724D0095AE96 /* SceneDelegate.m */,
				75ADB929239F72680095AE96 /* Assets.xcassets */,
				75ADB92B239F72680095AE96 /* LaunchScreen.storyboard */,
				75ADB92E239F72680095AE96 /* Info.plist */,
				75ADB92F239F72680095AE96 /* main.m */,
			);
			path = SimpleDemo;
			sourceTree = "<group>";
		};
		B03612FC339DC65822D970FB /* Pods */ = {
			isa = PBXGroup;
			children = (
				81BB733AEE03E09CC0E5485D /* Pods-SimpleDemo.debug.xcconfig */,
				2BB6308FDBEB342F8C59AD1D /* Pods-SimpleDemo.release.xcconfig */,
			);
			name = Pods;
			sourceTree = "<group>";
		};
/* End PBXGroup section */

/* Begin PBXNativeTarget section */
		75ADB919239F724C0095AE96 /* SimpleDemo */ = {
			isa = PBXNativeTarget;
			buildConfigurationList = 75ADB933239F72680095AE96 /* Build configuration list for PBXNativeTarget "SimpleDemo" */;
			buildPhases = (
				144DEEACFC2810EF25661368 /* [CP] Check Pods Manifest.lock */,
				75ADB916239F724C0095AE96 /* Sources */,
				75ADB917239F724C0095AE96 /* Frameworks */,
				75ADB918239F724C0095AE96 /* Resources */,
			);
			buildRules = (
			);
			dependencies = (
			);
			name = SimpleDemo;
			productName = SimpleDemo;
			productReference = 75ADB91A239F724C0095AE96 /* SimpleDemo.app */;
			productType = "com.apple.product-type.application";
		};
/* End PBXNativeTarget section */

/* Begin PBXProject section */
		75ADB912239F724C0095AE96 /* Project object */ = {
			isa = PBXProject;
			attributes = {
				LastUpgradeCheck = 1120;
				ORGANIZATIONNAME = zz;
				TargetAttributes = {
					75ADB919239F724C0095AE96 = {
						CreatedOnToolsVersion = 11.2.1;
					};
				};
			};
			buildConfigurationList = 75ADB915239F724C0095AE96 /* Build configuration list for PBXProject "SimpleDemo" */;
			compatibilityVersion = "Xcode 9.3";
			developmentRegion = en;
			hasScannedForEncodings = 0;
			knownRegions = (
				en,
				Base,
			);
			mainGroup = 75ADB911239F724C0095AE96;
			productRefGroup = 75ADB91B239F724C0095AE96 /* Products */;
			projectDirPath = "";
			projectRoot = "";
			targets = (
				75ADB919239F724C0095AE96 /* SimpleDemo */,
			);
		};
/* End PBXProject section */

/* Begin PBXResourcesBuildPhase section */
		75ADB918239F724C0095AE96 /* Resources */ = {
			isa = PBXResourcesBuildPhase;
			buildActionMask = 2147483647;
			files = (
				3ACEACB52639619A009F6E70 /* icon.png in Resources */,
				3ACEACB62639619A009F6E70 /* search@3x.png in Resources */,
				75ADB937239F8B430095AE96 /* icon.bundle in Resources */,
				75ADB92D239F72680095AE96 /* LaunchScreen.storyboard in Resources */,
				3ACEACB42639619A009F6E70 /* search@3x-2.png in Resources */,
				3ACEACAE2639619A009F6E70 /* share@2x.png in Resources */,
				3A09C3F12609C86600B509CB /* videoPlayer@2x.png in Resources */,
				3ACEACAF2639619A009F6E70 /* testScale@2x.png in Resources */,
				3ACEACB22639619A009F6E70 /* share@3x.png in Resources */,
				3A09C3F02609C86600B509CB /* videoConver@2x.png in Resources */,
				3ACEACB32639619A009F6E70 /* comment@3x.png in Resources */,
				3ACEACB02639619A009F6E70 /* testScale@3x.png in Resources */,
				75ADB92A239F72680095AE96 /* Assets.xcassets in Resources */,
				3ACEACB12639619A009F6E70 /* praise@3x.png in Resources */,
			);
			runOnlyForDeploymentPostprocessing = 0;
		};
/* End PBXResourcesBuildPhase section */

/* Begin PBXShellScriptBuildPhase section */
		144DEEACFC2810EF25661368 /* [CP] Check Pods Manifest.lock */ = {
			isa = PBXShellScriptBuildPhase;
			buildActionMask = 2147483647;
			files = (
			);
			inputFileListPaths = (
			);
			inputPaths = (
				"${PODS_PODFILE_DIR_PATH}/Podfile.lock",
				"${PODS_ROOT}/Manifest.lock",
			);
			name = "[CP] Check Pods Manifest.lock";
			outputFileListPaths = (
			);
			outputPaths = (
				"$(DERIVED_FILE_DIR)/Pods-SimpleDemo-checkManifestLockResult.txt",
			);
			runOnlyForDeploymentPostprocessing = 0;
			shellPath = /bin/sh;
			shellScript = "diff \"${PODS_PODFILE_DIR_PATH}/Podfile.lock\" \"${PODS_ROOT}/Manifest.lock\" > /dev/null\nif [ $? != 0 ] ; then\n    # print error to STDERR\n    echo \"error: The sandbox is not in sync with the Podfile.lock. Run 'pod install' or update your CocoaPods installation.\" >&2\n    exit 1\nfi\n# This output is used by Xcode 'outputs' to avoid re-running this script phase.\necho \"SUCCESS\" > \"${SCRIPT_OUTPUT_FILE_0}\"\n";
			showEnvVarsInLog = 0;
		};
/* End PBXShellScriptBuildPhase section */

/* Begin PBXSourcesBuildPhase section */
		75ADB916239F724C0095AE96 /* Sources */ = {
			isa = PBXSourcesBuildPhase;
			buildActionMask = 2147483647;
			files = (
				75ADB925239F724D0095AE96 /* MineHomeViewController.m in Sources */,
				3ACEAC9F2635427B009F6E70 /* SDPlayer.m in Sources */,
				3AA43259256E47BE00F83CD3 /* NewsTableViewCell.m in Sources */,
				3AA43255256E2F2A00F83CD3 /* RecommandViewController.m in Sources */,
				3A33973725B16D8D0038245C /* ListLoader.m in Sources */,
				3AB8BA7B264A570D00602E38 /* UIAdapter.m in Sources */,
				3ACA24C425BA756300EB7BE1 /* NewsModel.m in Sources */,
				3AA43251256DFE2700F83CD3 /* NewsDetailViewController.m in Sources */,
				75ADB91F239F724D0095AE96 /* AppDelegate.m in Sources */,
				759C5A6D23A8A2A70048C8DD /* VideoViewController.m in Sources */,
				759C5A6A23A89E680048C8DD /* NewsViewController.m in Sources */,
				75ADB930239F72680095AE96 /* main.m in Sources */,
				3A09C3EA2609979800B509CB /* VideoViewCell.m in Sources */,
				75ADB922239F724D0095AE96 /* SceneDelegate.m in Sources */,
				3ACEACA326395919009F6E70 /* VDTabBarView.m in Sources */,
				3A3563B72575CF4700B38AD1 /* FCview.m in Sources */,
			);
			runOnlyForDeploymentPostprocessing = 0;
		};
/* End PBXSourcesBuildPhase section */

/* Begin PBXVariantGroup section */
		75ADB92B239F72680095AE96 /* LaunchScreen.storyboard */ = {
			isa = PBXVariantGroup;
			children = (
				75ADB92C239F72680095AE96 /* Base */,
			);
			name = LaunchScreen.storyboard;
			sourceTree = "<group>";
		};
/* End PBXVariantGroup section */

/* Begin XCBuildConfiguration section */
		75ADB931239F72680095AE96 /* Debug */ = {
			isa = XCBuildConfiguration;
			buildSettings = {
				ALWAYS_SEARCH_USER_PATHS = NO;
				CLANG_ANALYZER_NONNULL = YES;
				CLANG_ANALYZER_NUMBER_OBJECT_CONVERSION = YES_AGGRESSIVE;
				CLANG_CXX_LANGUAGE_STANDARD = "gnu++14";
				CLANG_CXX_LIBRARY = "libc++";
				CLANG_ENABLE_MODULES = YES;
				CLANG_ENABLE_OBJC_ARC = YES;
				CLANG_ENABLE_OBJC_WEAK = YES;
				CLANG_WARN_BLOCK_CAPTURE_AUTORELEASING = YES;
				CLANG_WARN_BOOL_CONVERSION = YES;
				CLANG_WARN_COMMA = YES;
				CLANG_WARN_CONSTANT_CONVERSION = YES;
				CLANG_WARN_DEPRECATED_OBJC_IMPLEMENTATIONS = YES;
				CLANG_WARN_DIRECT_OBJC_ISA_USAGE = YES_ERROR;
				CLANG_WARN_DOCUMENTATION_COMMENTS = YES;
				CLANG_WARN_EMPTY_BODY = YES;
				CLANG_WARN_ENUM_CONVERSION = YES;
				CLANG_WARN_INFINITE_RECURSION = YES;
				CLANG_WARN_INT_CONVERSION = YES;
				CLANG_WARN_NON_LITERAL_NULL_CONVERSION = YES;
				CLANG_WARN_OBJC_IMPLICIT_RETAIN_SELF = YES;
				CLANG_WARN_OBJC_LITERAL_CONVERSION = YES;
				CLANG_WARN_OBJC_ROOT_CLASS = YES_ERROR;
				CLANG_WARN_RANGE_LOOP_ANALYSIS = YES;
				CLANG_WARN_STRICT_PROTOTYPES = YES;
				CLANG_WARN_SUSPICIOUS_MOVE = YES;
				CLANG_WARN_UNGUARDED_AVAILABILITY = YES_AGGRESSIVE;
				CLANG_WARN_UNREACHABLE_CODE = YES;
				CLANG_WARN__DUPLICATE_METHOD_MATCH = YES;
				COPY_PHASE_STRIP = NO;
				DEBUG_INFORMATION_FORMAT = dwarf;
				ENABLE_STRICT_OBJC_MSGSEND = YES;
				ENABLE_TESTABILITY = YES;
				GCC_C_LANGUAGE_STANDARD = gnu11;
				GCC_DYNAMIC_NO_PIC = NO;
				GCC_NO_COMMON_BLOCKS = YES;
				GCC_OPTIMIZATION_LEVEL = 0;
				GCC_PREPROCESSOR_DEFINITIONS = (
					"DEBUG=1",
					"$(inherited)",
				);
				GCC_WARN_64_TO_32_BIT_CONVERSION = YES;
				GCC_WARN_ABOUT_RETURN_TYPE = YES_ERROR;
				GCC_WARN_UNDECLARED_SELECTOR = YES;
				GCC_WARN_UNINITIALIZED_AUTOS = YES_AGGRESSIVE;
				GCC_WARN_UNUSED_FUNCTION = YES;
				GCC_WARN_UNUSED_VARIABLE = YES;
				INFOPLIST_FILE = SimpleDemo/Info.plist;
				IPHONEOS_DEPLOYMENT_TARGET = 11.0;
				MTL_ENABLE_DEBUG_INFO = INCLUDE_SOURCE;
				MTL_FAST_MATH = YES;
				ONLY_ACTIVE_ARCH = YES;
				OTHER_LDFLAGS = "-ObjC";
				SDKROOT = iphoneos;
			};
			name = Debug;
		};
		75ADB932239F72680095AE96 /* Release */ = {
			isa = XCBuildConfiguration;
			buildSettings = {
				ALWAYS_SEARCH_USER_PATHS = NO;
				CLANG_ANALYZER_NONNULL = YES;
				CLANG_ANALYZER_NUMBER_OBJECT_CONVERSION = YES_AGGRESSIVE;
				CLANG_CXX_LANGUAGE_STANDARD = "gnu++14";
				CLANG_CXX_LIBRARY = "libc++";
				CLANG_ENABLE_MODULES = YES;
				CLANG_ENABLE_OBJC_ARC = YES;
				CLANG_ENABLE_OBJC_WEAK = YES;
				CLANG_WARN_BLOCK_CAPTURE_AUTORELEASING = YES;
				CLANG_WARN_BOOL_CONVERSION = YES;
				CLANG_WARN_COMMA = YES;
				CLANG_WARN_CONSTANT_CONVERSION = YES;
				CLANG_WARN_DEPRECATED_OBJC_IMPLEMENTATIONS = YES;
				CLANG_WARN_DIRECT_OBJC_ISA_USAGE = YES_ERROR;
				CLANG_WARN_DOCUMENTATION_COMMENTS = YES;
				CLANG_WARN_EMPTY_BODY = YES;
				CLANG_WARN_ENUM_CONVERSION = YES;
				CLANG_WARN_INFINITE_RECURSION = YES;
				CLANG_WARN_INT_CONVERSION = YES;
				CLANG_WARN_NON_LITERAL_NULL_CONVERSION = YES;
				CLANG_WARN_OBJC_IMPLICIT_RETAIN_SELF = YES;
				CLANG_WARN_OBJC_LITERAL_CONVERSION = YES;
				CLANG_WARN_OBJC_ROOT_CLASS = YES_ERROR;
				CLANG_WARN_RANGE_LOOP_ANALYSIS = YES;
				CLANG_WARN_STRICT_PROTOTYPES = YES;
				CLANG_WARN_SUSPICIOUS_MOVE = YES;
				CLANG_WARN_UNGUARDED_AVAILABILITY = YES_AGGRESSIVE;
				CLANG_WARN_UNREACHABLE_CODE = YES;
				CLANG_WARN__DUPLICATE_METHOD_MATCH = YES;
				COPY_PHASE_STRIP = NO;
				DEBUG_INFORMATION_FORMAT = "dwarf-with-dsym";
				ENABLE_NS_ASSERTIONS = NO;
				ENABLE_STRICT_OBJC_MSGSEND = YES;
				GCC_C_LANGUAGE_STANDARD = gnu11;
				GCC_NO_COMMON_BLOCKS = YES;
				GCC_WARN_64_TO_32_BIT_CONVERSION = YES;
				GCC_WARN_ABOUT_RETURN_TYPE = YES_ERROR;
				GCC_WARN_UNDECLARED_SELECTOR = YES;
				GCC_WARN_UNINITIALIZED_AUTOS = YES_AGGRESSIVE;
				GCC_WARN_UNUSED_FUNCTION = YES;
				GCC_WARN_UNUSED_VARIABLE = YES;
				INFOPLIST_FILE = SimpleDemo/Info.plist;
				IPHONEOS_DEPLOYMENT_TARGET = 11.0;
				MTL_ENABLE_DEBUG_INFO = NO;
				MTL_FAST_MATH = YES;
				OTHER_LDFLAGS = "-ObjC";
				SDKROOT = iphoneos;
				VALIDATE_PRODUCT = YES;
			};
			name = Release;
		};
		75ADB934239F72680095AE96 /* Debug */ = {
			isa = XCBuildConfiguration;
			baseConfigurationReference = 81BB733AEE03E09CC0E5485D /* Pods-SimpleDemo.debug.xcconfig */;
			buildSettings = {
				ASSETCATALOG_COMPILER_APPICON_NAME = AppIcon;
				CODE_SIGN_STYLE = Automatic;
				INFOPLIST_FILE = SimpleDemo/Info.plist;
				LD_RUNPATH_SEARCH_PATHS = (
					"$(inherited)",
					"@executable_path/Frameworks",
				);
				PRODUCT_BUNDLE_IDENTIFIER = com.monster.SimpleDemo;
				PRODUCT_NAME = "$(TARGET_NAME)";
				TARGETED_DEVICE_FAMILY = 1;
			};
			name = Debug;
		};
		75ADB935239F72680095AE96 /* Release */ = {
			isa = XCBuildConfiguration;
			baseConfigurationReference = 2BB6308FDBEB342F8C59AD1D /* Pods-SimpleDemo.release.xcconfig */;
			buildSettings = {
				ASSETCATALOG_COMPILER_APPICON_NAME = AppIcon;
				CODE_SIGN_STYLE = Automatic;
				INFOPLIST_FILE = SimpleDemo/Info.plist;
				LD_RUNPATH_SEARCH_PATHS = (
					"$(inherited)",
					"@executable_path/Frameworks",
				);
				PRODUCT_BUNDLE_IDENTIFIER = com.monster.SimpleDemo;
				PRODUCT_NAME = "$(TARGET_NAME)";
				TARGETED_DEVICE_FAMILY = 1;
			};
			name = Release;
		};
/* End XCBuildConfiguration section */

/* Begin XCConfigurationList section */
		75ADB915239F724C0095AE96 /* Build configuration list for PBXProject "SimpleDemo" */ = {
			isa = XCConfigurationList;
			buildConfigurations = (
				75ADB931239F72680095AE96 /* Debug */,
				75ADB932239F72680095AE96 /* Release */,
			);
			defaultConfigurationIsVisible = 0;
			defaultConfigurationName = Release;
		};
		75ADB933239F72680095AE96 /* Build configuration list for PBXNativeTarget "SimpleDemo" */ = {
			isa = XCConfigurationList;
			buildConfigurations = (
				75ADB934239F72680095AE96 /* Debug */,
				75ADB935239F72680095AE96 /* Release */,
			);
			defaultConfigurationIsVisible = 0;
			defaultConfigurationName = Release;
		};
/* End XCConfigurationList section */
	};
	rootObject = 75ADB912239F724C0095AE96 /* Project object */;
}
